
Microsoft Visual Studio Solution File, Format Version 12.00
# Visual Studio Version 17
VisualStudioVersion = 17.5.002.0
MinimumVisualStudioVersion = 10.0.40219.1
Project("{9A19103F-16F7-4668-BE54-9A1E7A4F7556}") = "TDE16", "TDE16.csproj", "{149090BB-3276-45C4-B0A5-95E440E163B4}"
EndProject
Global
	GlobalSection(SolutionConfigurationPlatforms) = preSolution
		Debug|Any CPU = Debug|Any CPU
		Release|Any CPU = Release|Any CPU
	EndGlobalSection
	GlobalSection(ProjectConfigurationPlatforms) = postSolution
		{149090BB-3276-45C4-B0A5-95E440E163B4}.Debug|Any CPU.ActiveCfg = Debug|Any CPU
		{149090BB-3276-45C4-B0A5-95E440E163B4}.Debug|Any CPU.Build.0 = Debug|Any CPU
		{149090BB-3276-45C4-B0A5-95E440E163B4}.Release|Any CPU.ActiveCfg = Release|Any CPU
		{149090BB-3276-45C4-B0A5-95E440E163B4}.Release|Any CPU.Build.0 = Release|Any CPU
	EndGlobalSection
	GlobalSection(SolutionProperties) = preSolution
		HideSolutionNode = FALSE
	EndGlobalSection
	GlobalSection(ExtensibilityGlobals) = postSolution
		SolutionGuid = {26E77A95-95EB-41D6-BA39-4313373DD066}
	EndGlobalSection
EndGlobal
