
Microsoft Visual Studio Solution File, Format Version 12.00
# Visual Studio Version 17
VisualStudioVersion = 17.5.001.0
MinimumVisualStudioVersion = 10.0.40219.1
Project("{9A19103F-16F7-4668-BE54-9A1E7A4F7556}") = "Aula_12_p3", "Aula_12_p3.csproj", "{86E9311D-4798-48C4-B8DE-1E300265B895}"
EndProject
Global
	GlobalSection(SolutionConfigurationPlatforms) = preSolution
		Debug|Any CPU = Debug|Any CPU
		Release|Any CPU = Release|Any CPU
	EndGlobalSection
	GlobalSection(ProjectConfigurationPlatforms) = postSolution
		{86E9311D-4798-48C4-B8DE-1E300265B895}.Debug|Any CPU.ActiveCfg = Debug|Any CPU
		{86E9311D-4798-48C4-B8DE-1E300265B895}.Debug|Any CPU.Build.0 = Debug|Any CPU
		{86E9311D-4798-48C4-B8DE-1E300265B895}.Release|Any CPU.ActiveCfg = Release|Any CPU
		{86E9311D-4798-48C4-B8DE-1E300265B895}.Release|Any CPU.Build.0 = Release|Any CPU
	EndGlobalSection
	GlobalSection(SolutionProperties) = preSolution
		HideSolutionNode = FALSE
	EndGlobalSection
	GlobalSection(ExtensibilityGlobals) = postSolution
		SolutionGuid = {39A2A4A2-0B92-46DE-8738-DF519A2F3034}
	EndGlobalSection
EndGlobal
