
Microsoft Visual Studio Solution File, Format Version 12.00
# Visual Studio Version 17
VisualStudioVersion = 17.5.002.0
MinimumVisualStudioVersion = 10.0.40219.1
Project("{9A19103F-16F7-4668-BE54-9A1E7A4F7556}") = "Aula16", "Aula16.csproj", "{C07B1F98-2835-4901-B860-268223832566}"
EndProject
Global
	GlobalSection(SolutionConfigurationPlatforms) = preSolution
		Debug|Any CPU = Debug|Any CPU
		Release|Any CPU = Release|Any CPU
	EndGlobalSection
	GlobalSection(ProjectConfigurationPlatforms) = postSolution
		{C07B1F98-2835-4901-B860-268223832566}.Debug|Any CPU.ActiveCfg = Debug|Any CPU
		{C07B1F98-2835-4901-B860-268223832566}.Debug|Any CPU.Build.0 = Debug|Any CPU
		{C07B1F98-2835-4901-B860-268223832566}.Release|Any CPU.ActiveCfg = Release|Any CPU
		{C07B1F98-2835-4901-B860-268223832566}.Release|Any CPU.Build.0 = Release|Any CPU
	EndGlobalSection
	GlobalSection(SolutionProperties) = preSolution
		HideSolutionNode = FALSE
	EndGlobalSection
	GlobalSection(ExtensibilityGlobals) = postSolution
		SolutionGuid = {C9E57FAE-BD8D-41A0-A53A-67048F935939}
	EndGlobalSection
EndGlobal
